
Microsoft Visual Studio Solution File, Format Version 12.00
# Visual Studio Version 17
VisualStudioVersion = 17.14.36518.9 d17.14
MinimumVisualStudioVersion = 10.0.40219.1
Project("{FAE04EC0-301F-11D3-BF4B-00C04F79EFBC}") = "BudzetDomowy.Core", "BudzetDomowy.Core\BudzetDomowy.Core.csproj", "{2452788C-526A-40A8-BCF1-9EF1C62BC215}"
EndProject
Global
	GlobalSection(SolutionConfigurationPlatforms) = preSolution
		Debug|Any CPU = Debug|Any CPU
		Release|Any CPU = Release|Any CPU
	EndGlobalSection
	GlobalSection(ProjectConfigurationPlatforms) = postSolution
		{2452788C-526A-40A8-BCF1-9EF1C62BC215}.Debug|Any CPU.ActiveCfg = Debug|Any CPU
		{2452788C-526A-40A8-BCF1-9EF1C62BC215}.Debug|Any CPU.Build.0 = Debug|Any CPU
		{2452788C-526A-40A8-BCF1-9EF1C62BC215}.Release|Any CPU.ActiveCfg = Release|Any CPU
		{2452788C-526A-40A8-BCF1-9EF1C62BC215}.Release|Any CPU.Build.0 = Release|Any CPU
	EndGlobalSection
	GlobalSection(SolutionProperties) = preSolution
		HideSolutionNode = FALSE
	EndGlobalSection
	GlobalSection(ExtensibilityGlobals) = postSolution
		SolutionGuid = {A9DAA111-2278-4DEF-A79C-AFC47930151B}
	EndGlobalSection
EndGlobal
